
Microsoft Visual Studio Solution File, Format Version 12.00
# Visual Studio 15
VisualStudioVersion = 15.0.27004.2006
MinimumVisualStudioVersion = 10.0.40219.1
Project("{9A19103F-16F7-4668-BE54-9A1E7A4F7556}") = "AlgoDataStructures", "AlgoDataStructures\AlgoDataStructures.csproj", "{BFE883A2-E1CA-4B9D-818D-4E9FF7818C92}"
EndProject
Global
	GlobalSection(SolutionConfigurationPlatforms) = preSolution
		Debug|Any CPU = Debug|Any CPU
		Release|Any CPU = Release|Any CPU
	EndGlobalSection
	GlobalSection(ProjectConfigurationPlatforms) = postSolution
		{BFE883A2-E1CA-4B9D-818D-4E9FF7818C92}.Debug|Any CPU.ActiveCfg = Debug|Any CPU
		{BFE883A2-E1CA-4B9D-818D-4E9FF7818C92}.Debug|Any CPU.Build.0 = Debug|Any CPU
		{BFE883A2-E1CA-4B9D-818D-4E9FF7818C92}.Release|Any CPU.ActiveCfg = Release|Any CPU
		{BFE883A2-E1CA-4B9D-818D-4E9FF7818C92}.Release|Any CPU.Build.0 = Release|Any CPU
	EndGlobalSection
	GlobalSection(SolutionProperties) = preSolution
		HideSolutionNode = FALSE
	EndGlobalSection
	GlobalSection(ExtensibilityGlobals) = postSolution
		SolutionGuid = {B5B1C5A4-074F-4382-8691-C12346C43F9F}
	EndGlobalSection
EndGlobal
