
Microsoft Visual Studio Solution File, Format Version 12.00
# Visual Studio 15
VisualStudioVersion = 15.0.27004.2006
MinimumVisualStudioVersion = 10.0.40219.1
Project("{FAE04EC0-301F-11D3-BF4B-00C04F79EFBC}") = "L4_Queens", "L4_Queens\L4_Queens.csproj", "{36BAFA90-1DB1-4284-809D-581244464A01}"
EndProject
Global
	GlobalSection(SolutionConfigurationPlatforms) = preSolution
		Debug|Any CPU = Debug|Any CPU
		Release|Any CPU = Release|Any CPU
	EndGlobalSection
	GlobalSection(ProjectConfigurationPlatforms) = postSolution
		{36BAFA90-1DB1-4284-809D-581244464A01}.Debug|Any CPU.ActiveCfg = Debug|Any CPU
		{36BAFA90-1DB1-4284-809D-581244464A01}.Debug|Any CPU.Build.0 = Debug|Any CPU
		{36BAFA90-1DB1-4284-809D-581244464A01}.Release|Any CPU.ActiveCfg = Release|Any CPU
		{36BAFA90-1DB1-4284-809D-581244464A01}.Release|Any CPU.Build.0 = Release|Any CPU
	EndGlobalSection
	GlobalSection(SolutionProperties) = preSolution
		HideSolutionNode = FALSE
	EndGlobalSection
	GlobalSection(ExtensibilityGlobals) = postSolution
		SolutionGuid = {DEF01776-96A8-4551-897B-8EC945989CF1}
	EndGlobalSection
EndGlobal
